
Microsoft Visual Studio Solution File, Format Version 12.00
# Visual Studio 15
VisualStudioVersion = 15.0.28307.539
MinimumVisualStudioVersion = 10.0.40219.1
Project("{FAE04EC0-301F-11D3-BF4B-00C04F79EFBC}") = "BlackJack.Console", "BlackJack.Console\BlackJack.Console.csproj", "{93583D87-7BB7-428E-8744-563D717A9ADD}"
EndProject
Global
	GlobalSection(SolutionConfigurationPlatforms) = preSolution
		Debug|Any CPU = Debug|Any CPU
		Release|Any CPU = Release|Any CPU
	EndGlobalSection
	GlobalSection(ProjectConfigurationPlatforms) = postSolution
		{93583D87-7BB7-428E-8744-563D717A9ADD}.Debug|Any CPU.ActiveCfg = Debug|Any CPU
		{93583D87-7BB7-428E-8744-563D717A9ADD}.Debug|Any CPU.Build.0 = Debug|Any CPU
		{93583D87-7BB7-428E-8744-563D717A9ADD}.Release|Any CPU.ActiveCfg = Release|Any CPU
		{93583D87-7BB7-428E-8744-563D717A9ADD}.Release|Any CPU.Build.0 = Release|Any CPU
	EndGlobalSection
	GlobalSection(SolutionProperties) = preSolution
		HideSolutionNode = FALSE
	EndGlobalSection
	GlobalSection(ExtensibilityGlobals) = postSolution
		SolutionGuid = {51304C59-CD7D-44EE-9E60-1D958F6F4D44}
	EndGlobalSection
EndGlobal
